
Microsoft Visual Studio Solution File, Format Version 12.00
# Visual Studio 15
VisualStudioVersion = 15.0.28010.2050
MinimumVisualStudioVersion = 10.0.40219.1
Project("{FAE04EC0-301F-11D3-BF4B-00C04F79EFBC}") = "UnitTests", "UnitTests\UnitTests.csproj", "{F6B288F4-B0F1-4082-85AD-954A850FDB07}"
EndProject
Project("{FAE04EC0-301F-11D3-BF4B-00C04F79EFBC}") = "Pencils", "Pencils\Pencils.csproj", "{91A79476-0755-4AA8-B9CF-6D3D75E3E1EA}"
EndProject
Global
	GlobalSection(SolutionConfigurationPlatforms) = preSolution
		Debug|Any CPU = Debug|Any CPU
		Release|Any CPU = Release|Any CPU
	EndGlobalSection
	GlobalSection(ProjectConfigurationPlatforms) = postSolution
		{F6B288F4-B0F1-4082-85AD-954A850FDB07}.Debug|Any CPU.ActiveCfg = Debug|Any CPU
		{F6B288F4-B0F1-4082-85AD-954A850FDB07}.Debug|Any CPU.Build.0 = Debug|Any CPU
		{F6B288F4-B0F1-4082-85AD-954A850FDB07}.Release|Any CPU.ActiveCfg = Release|Any CPU
		{F6B288F4-B0F1-4082-85AD-954A850FDB07}.Release|Any CPU.Build.0 = Release|Any CPU
		{91A79476-0755-4AA8-B9CF-6D3D75E3E1EA}.Debug|Any CPU.ActiveCfg = Debug|Any CPU
		{91A79476-0755-4AA8-B9CF-6D3D75E3E1EA}.Debug|Any CPU.Build.0 = Debug|Any CPU
		{91A79476-0755-4AA8-B9CF-6D3D75E3E1EA}.Release|Any CPU.ActiveCfg = Release|Any CPU
		{91A79476-0755-4AA8-B9CF-6D3D75E3E1EA}.Release|Any CPU.Build.0 = Release|Any CPU
	EndGlobalSection
	GlobalSection(SolutionProperties) = preSolution
		HideSolutionNode = FALSE
	EndGlobalSection
	GlobalSection(ExtensibilityGlobals) = postSolution
		SolutionGuid = {1D9BB7F9-A3CA-4ADF-8179-EC4E710A938F}
	EndGlobalSection
EndGlobal
